
Microsoft Visual Studio Solution File, Format Version 12.00
# Visual Studio Version 16
VisualStudioVersion = 16.0.30204.135
MinimumVisualStudioVersion = 10.0.40219.1
Project("{FAE04EC0-301F-11D3-BF4B-00C04F79EFBC}") = "SUIT", "SUIT\SUIT.csproj", "{1BBF39D0-54C4-433B-91A5-2DF6CFAB0BFC}"
EndProject
Global
	GlobalSection(SolutionConfigurationPlatforms) = preSolution
		Debug|Any CPU = Debug|Any CPU
		Release|Any CPU = Release|Any CPU
	EndGlobalSection
	GlobalSection(ProjectConfigurationPlatforms) = postSolution
		{1BBF39D0-54C4-433B-91A5-2DF6CFAB0BFC}.Debug|Any CPU.ActiveCfg = Debug|Any CPU
		{1BBF39D0-54C4-433B-91A5-2DF6CFAB0BFC}.Debug|Any CPU.Build.0 = Debug|Any CPU
		{1BBF39D0-54C4-433B-91A5-2DF6CFAB0BFC}.Release|Any CPU.ActiveCfg = Release|Any CPU
		{1BBF39D0-54C4-433B-91A5-2DF6CFAB0BFC}.Release|Any CPU.Build.0 = Release|Any CPU
	EndGlobalSection
	GlobalSection(SolutionProperties) = preSolution
		HideSolutionNode = FALSE
	EndGlobalSection
	GlobalSection(ExtensibilityGlobals) = postSolution
		SolutionGuid = {5FDC5842-9484-465C-B103-92441DC0B045}
	EndGlobalSection
EndGlobal
